
Microsoft Visual Studio Solution File, Format Version 12.00
# Visual Studio Version 17
VisualStudioVersion = 17.1.32328.378
MinimumVisualStudioVersion = 10.0.40219.1
Project("{9A19103F-16F7-4668-BE54-9A1E7A4F7556}") = "WebApi_TodoList", "WebApi_TodoList\WebApi_TodoList.csproj", "{6479B2C3-8ABC-4C0E-8C2B-4D939CB043DE}"
EndProject
Global
	GlobalSection(SolutionConfigurationPlatforms) = preSolution
		Debug|Any CPU = Debug|Any CPU
		Release|Any CPU = Release|Any CPU
	EndGlobalSection
	GlobalSection(ProjectConfigurationPlatforms) = postSolution
		{6479B2C3-8ABC-4C0E-8C2B-4D939CB043DE}.Debug|Any CPU.ActiveCfg = Debug|Any CPU
		{6479B2C3-8ABC-4C0E-8C2B-4D939CB043DE}.Debug|Any CPU.Build.0 = Debug|Any CPU
		{6479B2C3-8ABC-4C0E-8C2B-4D939CB043DE}.Release|Any CPU.ActiveCfg = Release|Any CPU
		{6479B2C3-8ABC-4C0E-8C2B-4D939CB043DE}.Release|Any CPU.Build.0 = Release|Any CPU
	EndGlobalSection
	GlobalSection(SolutionProperties) = preSolution
		HideSolutionNode = FALSE
	EndGlobalSection
	GlobalSection(ExtensibilityGlobals) = postSolution
		SolutionGuid = {5664DC2A-EF71-45F6-BC2F-29D6B99D0401}
	EndGlobalSection
EndGlobal
